
Microsoft Visual Studio Solution File, Format Version 12.00
# Visual Studio Version 16
VisualStudioVersion = 16.0.30225.117
MinimumVisualStudioVersion = 10.0.40219.1
Project("{FAE04EC0-301F-11D3-BF4B-00C04F79EFBC}") = "AdvancedCSharp", "AdvancedCSharp\AdvancedCSharp.csproj", "{1FEAF3DF-67E6-4EE3-90B1-F1682B9AC37F}"
EndProject
Global
	GlobalSection(SolutionConfigurationPlatforms) = preSolution
		Debug|Any CPU = Debug|Any CPU
		Release|Any CPU = Release|Any CPU
	EndGlobalSection
	GlobalSection(ProjectConfigurationPlatforms) = postSolution
		{1FEAF3DF-67E6-4EE3-90B1-F1682B9AC37F}.Debug|Any CPU.ActiveCfg = Debug|Any CPU
		{1FEAF3DF-67E6-4EE3-90B1-F1682B9AC37F}.Debug|Any CPU.Build.0 = Debug|Any CPU
		{1FEAF3DF-67E6-4EE3-90B1-F1682B9AC37F}.Release|Any CPU.ActiveCfg = Release|Any CPU
		{1FEAF3DF-67E6-4EE3-90B1-F1682B9AC37F}.Release|Any CPU.Build.0 = Release|Any CPU
	EndGlobalSection
	GlobalSection(SolutionProperties) = preSolution
		HideSolutionNode = FALSE
	EndGlobalSection
	GlobalSection(ExtensibilityGlobals) = postSolution
		SolutionGuid = {0DF880A2-06B3-41DB-9A11-C0FAD0960401}
	EndGlobalSection
EndGlobal
